
Microsoft Visual Studio Solution File, Format Version 12.00
# Visual Studio Version 17
VisualStudioVersion = 17.5.33502.453
MinimumVisualStudioVersion = 10.0.40219.1
Project("{FAE04EC0-301F-11D3-BF4B-00C04F79EFBC}") = "Exercise", "Exercise\Exercise.csproj", "{F1A2842D-09FC-41B5-9F28-88F43C9227A4}"
EndProject
Global
    GlobalSection(SolutionConfigurationPlatforms) = preSolution
        Debug|Any CPU = Debug|Any CPU
        Release|Any CPU = Release|Any CPU
    EndGlobalSection
    GlobalSection(ProjectConfigurationPlatforms) = postSolution
        {F1A2842D-09FC-41B5-9F28-88F43C9227A4}.Debug|Any CPU.ActiveCfg = Debug|Any CPU
        {F1A2842D-09FC-41B5-9F28-88F43C9227A4}.Debug|Any CPU.Build.0 = Debug|Any CPU
        {F1A2842D-09FC-41B5-9F28-88F43C9227A4}.Release|Any CPU.ActiveCfg = Release|Any CPU
        {F1A2842D-09FC-41B5-9F28-88F43C9227A4}.Release|Any CPU.Build.0 = Release|Any CPU
    EndGlobalSection
    GlobalSection(SolutionProperties) = preSolution
        HideSolutionNode = FALSE
    EndGlobalSection
    GlobalSection(ExtensibilityGlobals) = postSolution
        SolutionGuid = {279E08CD-5932-4304-84E9-6E2524D412A6}
    EndGlobalSection
EndGlobal
